
Microsoft Visual Studio Solution File, Format Version 12.00
# Visual Studio 15
VisualStudioVersion = 15.0.26403.3
MinimumVisualStudioVersion = 10.0.40219.1
Project("{FAE04EC0-301F-11D3-BF4B-00C04F79EFBC}") = "Rocket.Unturned", "Rocket.Unturned\Rocket.Unturned.csproj", "{BADB74F6-90C0-40AF-865D-27795B50C469}"
EndProject
Project("{FAE04EC0-301F-11D3-BF4B-00C04F79EFBC}") = "Rocket.Unturned.Launcher", "Rocket.Unturned.Launcher\Rocket.Unturned.Launcher.csproj", "{0F68CF17-C7C9-41BF-8F76-4DAF1D5146B4}"
EndProject
Global
	GlobalSection(SolutionConfigurationPlatforms) = preSolution
		Debug|Any CPU = Debug|Any CPU
		Debug|x64 = Debug|x64
		Debug|x86 = Debug|x86
		Local|Any CPU = Local|Any CPU
		Local|x64 = Local|x64
		Local|x86 = Local|x86
		Release|Any CPU = Release|Any CPU
		Release|x64 = Release|x64
		Release|x86 = Release|x86
	EndGlobalSection
	GlobalSection(ProjectConfigurationPlatforms) = postSolution
		{BADB74F6-90C0-40AF-865D-27795B50C469}.Debug|Any CPU.ActiveCfg = Debug|Any CPU
		{BADB74F6-90C0-40AF-865D-27795B50C469}.Debug|Any CPU.Build.0 = Debug|Any CPU
		{BADB74F6-90C0-40AF-865D-27795B50C469}.Debug|x64.ActiveCfg = Debug|Any CPU
		{BADB74F6-90C0-40AF-865D-27795B50C469}.Debug|x64.Build.0 = Debug|Any CPU
		{BADB74F6-90C0-40AF-865D-27795B50C469}.Debug|x86.ActiveCfg = Debug|Any CPU
		{BADB74F6-90C0-40AF-865D-27795B50C469}.Debug|x86.Build.0 = Debug|Any CPU
		{BADB74F6-90C0-40AF-865D-27795B50C469}.Local|Any CPU.ActiveCfg = Local|Any CPU
		{BADB74F6-90C0-40AF-865D-27795B50C469}.Local|Any CPU.Build.0 = Local|Any CPU
		{BADB74F6-90C0-40AF-865D-27795B50C469}.Local|x64.ActiveCfg = Local|Any CPU
		{BADB74F6-90C0-40AF-865D-27795B50C469}.Local|x64.Build.0 = Local|Any CPU
		{BADB74F6-90C0-40AF-865D-27795B50C469}.Local|x86.ActiveCfg = Local|Any CPU
		{BADB74F6-90C0-40AF-865D-27795B50C469}.Local|x86.Build.0 = Local|Any CPU
		{BADB74F6-90C0-40AF-865D-27795B50C469}.Release|Any CPU.ActiveCfg = Release|Any CPU
		{BADB74F6-90C0-40AF-865D-27795B50C469}.Release|Any CPU.Build.0 = Release|Any CPU
		{BADB74F6-90C0-40AF-865D-27795B50C469}.Release|x64.ActiveCfg = Release|Any CPU
		{BADB74F6-90C0-40AF-865D-27795B50C469}.Release|x64.Build.0 = Release|Any CPU
		{BADB74F6-90C0-40AF-865D-27795B50C469}.Release|x86.ActiveCfg = Release|Any CPU
		{BADB74F6-90C0-40AF-865D-27795B50C469}.Release|x86.Build.0 = Release|Any CPU
		{0F68CF17-C7C9-41BF-8F76-4DAF1D5146B4}.Debug|Any CPU.ActiveCfg = Debug|Any CPU
		{0F68CF17-C7C9-41BF-8F76-4DAF1D5146B4}.Debug|Any CPU.Build.0 = Debug|Any CPU
		{0F68CF17-C7C9-41BF-8F76-4DAF1D5146B4}.Debug|x64.ActiveCfg = Debug|Any CPU
		{0F68CF17-C7C9-41BF-8F76-4DAF1D5146B4}.Debug|x64.Build.0 = Debug|Any CPU
		{0F68CF17-C7C9-41BF-8F76-4DAF1D5146B4}.Debug|x86.ActiveCfg = Debug|Any CPU
		{0F68CF17-C7C9-41BF-8F76-4DAF1D5146B4}.Debug|x86.Build.0 = Debug|Any CPU
		{0F68CF17-C7C9-41BF-8F76-4DAF1D5146B4}.Local|Any CPU.ActiveCfg = Local|Any CPU
		{0F68CF17-C7C9-41BF-8F76-4DAF1D5146B4}.Local|Any CPU.Build.0 = Local|Any CPU
		{0F68CF17-C7C9-41BF-8F76-4DAF1D5146B4}.Local|x64.ActiveCfg = Local|Any CPU
		{0F68CF17-C7C9-41BF-8F76-4DAF1D5146B4}.Local|x64.Build.0 = Local|Any CPU
		{0F68CF17-C7C9-41BF-8F76-4DAF1D5146B4}.Local|x86.ActiveCfg = Local|Any CPU
		{0F68CF17-C7C9-41BF-8F76-4DAF1D5146B4}.Local|x86.Build.0 = Local|Any CPU
		{0F68CF17-C7C9-41BF-8F76-4DAF1D5146B4}.Release|Any CPU.ActiveCfg = Release|Any CPU
		{0F68CF17-C7C9-41BF-8F76-4DAF1D5146B4}.Release|Any CPU.Build.0 = Release|Any CPU
		{0F68CF17-C7C9-41BF-8F76-4DAF1D5146B4}.Release|x64.ActiveCfg = Release|Any CPU
		{0F68CF17-C7C9-41BF-8F76-4DAF1D5146B4}.Release|x64.Build.0 = Release|Any CPU
		{0F68CF17-C7C9-41BF-8F76-4DAF1D5146B4}.Release|x86.ActiveCfg = Release|Any CPU
		{0F68CF17-C7C9-41BF-8F76-4DAF1D5146B4}.Release|x86.Build.0 = Release|Any CPU
	EndGlobalSection
	GlobalSection(SolutionProperties) = preSolution
		HideSolutionNode = FALSE
	EndGlobalSection
EndGlobal
